
Microsoft Visual Studio Solution File, Format Version 12.00
# Visual Studio 15
VisualStudioVersion = 15.0.28010.2026
MinimumVisualStudioVersion = 10.0.40219.1
Project("{FAE04EC0-301F-11D3-BF4B-00C04F79EFBC}") = "Project-Life", "Project-Life\Project-Life.csproj", "{D9748FFB-210F-4F62-B05E-A4B4846F5B5F}"
EndProject
Global
	GlobalSection(SolutionConfigurationPlatforms) = preSolution
		Debug|Any CPU = Debug|Any CPU
		Release|Any CPU = Release|Any CPU
	EndGlobalSection
	GlobalSection(ProjectConfigurationPlatforms) = postSolution
		{D9748FFB-210F-4F62-B05E-A4B4846F5B5F}.Debug|Any CPU.ActiveCfg = Debug|Any CPU
		{D9748FFB-210F-4F62-B05E-A4B4846F5B5F}.Debug|Any CPU.Build.0 = Debug|Any CPU
		{D9748FFB-210F-4F62-B05E-A4B4846F5B5F}.Release|Any CPU.ActiveCfg = Release|Any CPU
		{D9748FFB-210F-4F62-B05E-A4B4846F5B5F}.Release|Any CPU.Build.0 = Release|Any CPU
	EndGlobalSection
	GlobalSection(SolutionProperties) = preSolution
		HideSolutionNode = FALSE
	EndGlobalSection
	GlobalSection(ExtensibilityGlobals) = postSolution
		SolutionGuid = {86488452-BCDA-449B-A436-F8BA42FB8390}
	EndGlobalSection
EndGlobal
